github.com/thishw/synapse-hugo-shared v0.0.0-20260707102417-b536edc25ae5 h1:meZDzC+dG30Oyp7n1gthpC6o65MkmPNew8/fsW7QPo0=
github.com/thishw/synapse-hugo-shared v0.0.0-20260707102417-b536edc25ae5/go.mod h1:3NRuKE6T3so8tEh/Vv5XEWuoQ3rNGF5QJY1x53wmVME=
github.com/thishw/synapse-hugo-shared v0.0.0-20260708153120-dffb20da7024 h1:jXW9Qx4vLqjjp6KtxBjk1lI0cGe4FZv7g9PK5XU+hFg=
github.com/thishw/synapse-hugo-shared v0.0.0-20260708153120-dffb20da7024/go.mod h1:3NRuKE6T3so8tEh/Vv5XEWuoQ3rNGF5QJY1x53wmVME=
