github.com/thishw/media-hugo-shared v0.0.0-20260827044757-11ed1c566758 h1:nBdmwXsMHoAGyFiRoM0EP8weqy6JKxRqqhL7+rt6cDM=
github.com/thishw/media-hugo-shared v0.0.0-20260827044757-11ed1c566758/go.mod h1:tvxIY4YDJ8pgQRSLGLq/AlILwY0HWibx1tX1Fy9agew=
github.com/thishw/media-hugo-shared v0.0.0-20260901094448-c3240140f77f h1:bytteF5XWjAP1bOa1ccVniUY2fXKPvsxhQE3sd3css8=
github.com/thishw/media-hugo-shared v0.0.0-20260901094448-c3240140f77f/go.mod h1:tvxIY4YDJ8pgQRSLGLq/AlILwY0HWibx1tX1Fy9agew=
github.com/thishw/media-hugo-shared v0.0.0-20260924154732-5a01148cd131 h1:kcmq4N3hB6euRFMwk7o3GgJ7f8Yls4ZpqbD66B3w7rY=
github.com/thishw/media-hugo-shared v0.0.0-20260924154732-5a01148cd131/go.mod h1:tvxIY4YDJ8pgQRSLGLq/AlILwY0HWibx1tX1Fy9agew=
github.com/thishw/media-hugo-shared v0.0.0-20260926180640-2e569e7eb2ab h1:66qUKIFHLjjSyoLlOEl/3FMwEq4unRr7bZMEpERo1+A=
github.com/thishw/media-hugo-shared v0.0.0-20260926180640-2e569e7eb2ab/go.mod h1:tvxIY4YDJ8pgQRSLGLq/AlILwY0HWibx1tX1Fy9agew=
