github.com/thishw/media-hugo-shared v0.0.0-20260813193920-db9c6977114f h1:YzQl91XKp5c6/1upV7meiYVc0WgHj2YBFyYdl4mAEfg=
github.com/thishw/media-hugo-shared v0.0.0-20260813193920-db9c6977114f/go.mod h1:tvxIY4YDJ8pgQRSLGLq/AlILwY0HWibx1tX1Fy9agew=
github.com/thishw/media-hugo-shared v0.0.0-20260817091018-7ad96342c5a7 h1:8eCXI873RWpo1vuJIQ3wlX04qZ/5rrjlNY8e00AUrK0=
github.com/thishw/media-hugo-shared v0.0.0-20260817091018-7ad96342c5a7/go.mod h1:tvxIY4YDJ8pgQRSLGLq/AlILwY0HWibx1tX1Fy9agew=
github.com/thishw/media-hugo-shared v0.0.0-20260817150411-5f95f494c6c2 h1:1nCNy2WJvhKNGj4XRv1+IpkFD3uYgKmoe94ldVVZifA=
github.com/thishw/media-hugo-shared v0.0.0-20260817150411-5f95f494c6c2/go.mod h1:tvxIY4YDJ8pgQRSLGLq/AlILwY0HWibx1tX1Fy9agew=
